# This file is automatically @generated by Cargo.
# It is not intended for manual editing.
version = 4

[[package]]
name = "aoc-01"
version = "0.1.0"
dependencies = [
 "aoc-core",
]

[[package]]
name = "aoc-02"
version = "0.1.0"
dependencies = [
 "aoc-core",
]

[[package]]
name = "aoc-03"
version = "0.1.0"
dependencies = [
 "aoc-core",
]

[[package]]
name = "aoc-04"
version = "0.1.0"
dependencies = [
 "aoc-core",
]

[[package]]
name = "aoc-05"
version = "0.1.0"
dependencies = [
 "aoc-core",
]

[[package]]
name = "aoc-06"
version = "0.1.0"
dependencies = [
 "aoc-core",
]

[[package]]
name = "aoc-07"
version = "0.1.0"
dependencies = [
 "aoc-core",
]

[[package]]
name = "aoc-08"
version = "0.1.0"
dependencies = [
 "aoc-core",
]

[[package]]
name = "aoc-core"
version = "0.1.0"
