# This file is automatically @generated by Cargo.
# It is not intended for manual editing.
version = 4

[[package]]
name = "aoc-01"
version = "0.1.0"
dependencies = [
 "aoc-core",
]

[[package]]
name = "aoc-02"
version = "0.1.0"
dependencies = [
 "aoc-core",
]

[[package]]
name = "aoc-03"
version = "0.1.0"
dependencies = [
 "aoc-core",
]

[[package]]
name = "aoc-04"
version = "0.1.0"
dependencies = [
 "aoc-core",
]

[[package]]
name = "aoc-05"
version = "0.1.0"
dependencies = [
 "aoc-core",
]

[[package]]
name = "aoc-06"
version = "0.1.0"
dependencies = [
 "aoc-core",
]

[[package]]
name = "aoc-07"
version = "0.1.0"
dependencies = [
 "aoc-core",
]

[[package]]
name = "aoc-08"
version = "0.1.0"
dependencies = [
 "aoc-core",
]

[[package]]
name = "aoc-09"
version = "0.1.0"
dependencies = [
 "aoc-core",
]

[[package]]
name = "aoc-10"
version = "0.1.0"
dependencies = [
 "aoc-core",
]

[[package]]
name = "aoc-11"
version = "0.1.0"
dependencies = [
 "aoc-core",
]

[[package]]
name = "aoc-12"
version = "0.1.0"
dependencies = [
 "aoc-core",
]

[[package]]
name = "aoc-13"
version = "0.1.0"
dependencies = [
 "aoc-core",
]

[[package]]
name = "aoc-14"
version = "0.1.0"
dependencies = [
 "aoc-core",
]

[[package]]
name = "aoc-15"
version = "0.1.0"
dependencies = [
 "aoc-core",
]

[[package]]
name = "aoc-16"
version = "0.1.0"
dependencies = [
 "aoc-core",
]

[[package]]
name = "aoc-17"
version = "0.1.0"
dependencies = [
 "aoc-core",
]

[[package]]
name = "aoc-18"
version = "0.1.0"
dependencies = [
 "aoc-core",
]

[[package]]
name = "aoc-19"
version = "0.1.0"
dependencies = [
 "aoc-core",
]

[[package]]
name = "aoc-20"
version = "0.1.0"
dependencies = [
 "aoc-core",
]

[[package]]
name = "aoc-21"
version = "0.1.0"
dependencies = [
 "aoc-core",
]

[[package]]
name = "aoc-22"
version = "0.1.0"
dependencies = [
 "aoc-core",
]

[[package]]
name = "aoc-23"
version = "0.1.0"
dependencies = [
 "aoc-core",
]

[[package]]
name = "aoc-24"
version = "0.1.0"
dependencies = [
 "aoc-core",
]

[[package]]
name = "aoc-25"
version = "0.1.0"
dependencies = [
 "aoc-core",
]

[[package]]
name = "aoc-core"
version = "0.1.0"
